
Microsoft Visual Studio Solution File, Format Version 12.00
# Visual Studio Version 17
VisualStudioVersion = 17.8.34309.116
MinimumVisualStudioVersion = 10.0.40219.1
Project("{FAE04EC0-301F-11D3-BF4B-00C04F79EFBC}") = "ConsolePubAppAws", "ConsolePubAppAws\ConsolePubAppAws.csproj", "{B10F707F-D6B2-42B4-AFFD-34D09AA68A4A}"
EndProject
Global
	GlobalSection(SolutionConfigurationPlatforms) = preSolution
		Debug|Any CPU = Debug|Any CPU
		Release|Any CPU = Release|Any CPU
	EndGlobalSection
	GlobalSection(ProjectConfigurationPlatforms) = postSolution
		{B10F707F-D6B2-42B4-AFFD-34D09AA68A4A}.Debug|Any CPU.ActiveCfg = Debug|Any CPU
		{B10F707F-D6B2-42B4-AFFD-34D09AA68A4A}.Debug|Any CPU.Build.0 = Debug|Any CPU
		{B10F707F-D6B2-42B4-AFFD-34D09AA68A4A}.Release|Any CPU.ActiveCfg = Release|Any CPU
		{B10F707F-D6B2-42B4-AFFD-34D09AA68A4A}.Release|Any CPU.Build.0 = Release|Any CPU
	EndGlobalSection
	GlobalSection(SolutionProperties) = preSolution
		HideSolutionNode = FALSE
	EndGlobalSection
	GlobalSection(ExtensibilityGlobals) = postSolution
		SolutionGuid = {918F70D2-CC79-49E1-A499-CE43D03F1F72}
	EndGlobalSection
EndGlobal
